# THIS IS AN AUTOGENERATED FILE. DO NOT EDIT THIS FILE DIRECTLY.
# yarn lockfile v1


"@types/node@^14.0.1":
  version "14.0.13"
  resolved "https://registry.yarnpkg.com/@types/node/-/node-14.0.13.tgz#ee1128e881b874c371374c1f72201893616417c9"
  integrity sha512-rouEWBImiRaSJsVA+ITTFM6ZxibuAlTuNOCyxVbwreu6k6+ujs7DfnU9o+PShFhET78pMBl3eH+AGSI5eOTkPA==

dotenv@^8.2.0:
  version "8.2.0"
  resolved "https://registry.yarnpkg.com/dotenv/-/dotenv-8.2.0.tgz#97e619259ada750eea3e4ea3e26bceea5424b16a"
  integrity sha512-8sJ78ElpbDJBHNeBzUbUVLsqKdccaa/BXF1uPTw3GrvQTBgrQrtObr2mUrE38vzYd8cEv+m/JBfDLioYcfXoaw==

eris@^0.13.1:
  version "0.13.2"
  resolved "https://registry.yarnpkg.com/eris/-/eris-0.13.2.tgz#3a3008fede4360f8c6c6d96a65adcbe8bd7f4910"
  integrity sha512-/MAio73lCpgzREqMlrk3UhKt7bBc1VRPnotCnqzTaicHxIYhg3Ghh6jzT1hB36wDcdPCLx6UMzzcDFpxLZtuzA==
  dependencies:
    ws "^7.2.1"
  optionalDependencies:
    opusscript "^0.0.7"
    tweetnacl "^1.0.1"

opusscript@^0.0.7:
  version "0.0.7"
  resolved "https://registry.yarnpkg.com/opusscript/-/opusscript-0.0.7.tgz#7dd7ec55b302d26bf588e6fc3feb090b8c7da856"
  integrity sha512-DcBadTdYTUuH9zQtepsLjQn4Ll6rs3dmeFvN+SD0ThPnxRBRm/WC1zXWPg+wgAJimB784gdZvUMA57gDP7FdVg==

tweetnacl@^1.0.1:
  version "1.0.3"
  resolved "https://registry.yarnpkg.com/tweetnacl/-/tweetnacl-1.0.3.tgz#ac0af71680458d8a6378d0d0d050ab1407d35596"
  integrity sha512-6rt+RN7aOi1nGMyC4Xa5DdYiukl2UWCbcJft7YhxReBGQD7OAM8Pbxw6YMo4r2diNEA8FEmu32YOn9rhaiE5yw==

typescript@^3.9.3:
  version "3.9.5"
  resolved "https://registry.yarnpkg.com/typescript/-/typescript-3.9.5.tgz#586f0dba300cde8be52dd1ac4f7e1009c1b13f36"
  integrity sha512-hSAifV3k+i6lEoCJ2k6R2Z/rp/H3+8sdmcn5NrS3/3kE7+RyZXm9aqvxWqjEXHAd8b0pShatpcdMTvEdvAJltQ==

ws@^7.2.1:
  version "7.3.0"
  resolved "https://registry.yarnpkg.com/ws/-/ws-7.3.0.tgz#4b2f7f219b3d3737bc1a2fbf145d825b94d38ffd"
  integrity sha512-iFtXzngZVXPGgpTlP1rBqsUK82p9tKqsWRPg5L56egiljujJT3vGAYnHANvFxBieXrTFavhzhxW52jnaWV+w2w==
